
Microsoft Visual Studio Solution File, Format Version 12.00
# Visual Studio Version 17
VisualStudioVersion = 17.14.36109.1 d17.14
MinimumVisualStudioVersion = 10.0.40219.1
Project("{FAE04EC0-301F-11D3-BF4B-00C04F79EFBC}") = "5. EjemploPOO", "5. EjemploPOO\5. EjemploPOO.csproj", "{9B328FED-883E-46BC-93F5-3B78B9352E11}"
EndProject
Global
	GlobalSection(SolutionConfigurationPlatforms) = preSolution
		Debug|Any CPU = Debug|Any CPU
		Release|Any CPU = Release|Any CPU
	EndGlobalSection
	GlobalSection(ProjectConfigurationPlatforms) = postSolution
		{9B328FED-883E-46BC-93F5-3B78B9352E11}.Debug|Any CPU.ActiveCfg = Debug|Any CPU
		{9B328FED-883E-46BC-93F5-3B78B9352E11}.Debug|Any CPU.Build.0 = Debug|Any CPU
		{9B328FED-883E-46BC-93F5-3B78B9352E11}.Release|Any CPU.ActiveCfg = Release|Any CPU
		{9B328FED-883E-46BC-93F5-3B78B9352E11}.Release|Any CPU.Build.0 = Release|Any CPU
	EndGlobalSection
	GlobalSection(SolutionProperties) = preSolution
		HideSolutionNode = FALSE
	EndGlobalSection
	GlobalSection(ExtensibilityGlobals) = postSolution
		SolutionGuid = {D6CEE158-7AE9-449D-9A94-955F9E7C28EA}
	EndGlobalSection
EndGlobal
