
Microsoft Visual Studio Solution File, Format Version 12.00
# Visual Studio Version 17
VisualStudioVersion = 17.14.36109.1 d17.14
MinimumVisualStudioVersion = 10.0.40219.1
Project("{FAE04EC0-301F-11D3-BF4B-00C04F79EFBC}") = "1. Introduccion_CSharp", "1. Introduccion_CSharp\1. Introduccion_CSharp.csproj", "{EB5730EF-5409-431E-8805-29443185541C}"
EndProject
Global
	GlobalSection(SolutionConfigurationPlatforms) = preSolution
		Debug|Any CPU = Debug|Any CPU
		Release|Any CPU = Release|Any CPU
	EndGlobalSection
	GlobalSection(ProjectConfigurationPlatforms) = postSolution
		{EB5730EF-5409-431E-8805-29443185541C}.Debug|Any CPU.ActiveCfg = Debug|Any CPU
		{EB5730EF-5409-431E-8805-29443185541C}.Debug|Any CPU.Build.0 = Debug|Any CPU
		{EB5730EF-5409-431E-8805-29443185541C}.Release|Any CPU.ActiveCfg = Release|Any CPU
		{EB5730EF-5409-431E-8805-29443185541C}.Release|Any CPU.Build.0 = Release|Any CPU
	EndGlobalSection
	GlobalSection(SolutionProperties) = preSolution
		HideSolutionNode = FALSE
	EndGlobalSection
	GlobalSection(ExtensibilityGlobals) = postSolution
		SolutionGuid = {87220700-9AFA-47BF-B36E-8FD94546C54E}
	EndGlobalSection
EndGlobal
